
Microsoft Visual Studio Solution File, Format Version 12.00
# Visual Studio Version 17
VisualStudioVersion = 17.14.36429.23
MinimumVisualStudioVersion = 10.0.40219.1
Project("{2150E333-8FDC-42A3-9474-1A3956D46DE8}") = "Task0", "Task0", "{02EA681E-C7D8-13C7-8484-4AC65E1B71E8}"
EndProject
Project("{FAE04EC0-301F-11D3-BF4B-00C04F79EFBC}") = "Tyuiu.DevyatovEV.Sprint1.Task0.V10", "Tyuiu.DevyatovEV.Sprint1.Task0.V10\Tyuiu.DevyatovEV.Sprint1.Task0.V10.csproj", "{E66FB3DA-E79E-4C03-BCD5-20FC3C60E125}"
EndProject
Project("{FAE04EC0-301F-11D3-BF4B-00C04F79EFBC}") = "Tyuiu.DevyatovEV.Sprint1.Task0.V10.Lib", "Tyuiu.DevyatovEV.Sprint1.Task0.V10.Lib\Tyuiu.DevyatovEV.Sprint1.Task0.V10.Lib.csproj", "{DA1F7E1B-8EB5-43B8-A091-B4841B1268E1}"
EndProject
Project("{FAE04EC0-301F-11D3-BF4B-00C04F79EFBC}") = "Tyuiu.DevyatovEV.Sprint1.Task0.V10.Test", "Tyuiu.DevyatovEV.Sprint1.Task0.V10.Test\Tyuiu.DevyatovEV.Sprint1.Task0.V10.Test.csproj", "{3B29BD9C-30E1-4944-B3D5-FDE6FA687A89}"
EndProject
Project("{2150E333-8FDC-42A3-9474-1A3956D46DE8}") = "Task1", "Task1", "{3187B4AD-3E8D-401B-BC4C-9DCBBF89E8BE}"
EndProject
Project("{FAE04EC0-301F-11D3-BF4B-00C04F79EFBC}") = "Tyuiu.DevyatovEV.Sprint1.Task1.V2", "Tyuiu.DevyatovEV.Sprint1.Task1.V2\Tyuiu.DevyatovEV.Sprint1.Task1.V2.csproj", "{8E5204F1-6681-4469-869D-019F4EA42D60}"
EndProject
Project("{FAE04EC0-301F-11D3-BF4B-00C04F79EFBC}") = "Tyuiu.DevyatovEV.Sprint1.Task1.V2.Lib", "Tyuiu.DevyatovEV.Sprint1.Task1.V2.Lib\Tyuiu.DevyatovEV.Sprint1.Task1.V2.Lib.csproj", "{015C4821-E026-4AEC-855B-B087E659A9E7}"
EndProject
Project("{FAE04EC0-301F-11D3-BF4B-00C04F79EFBC}") = "Tyuiu.DevyatovEV.Sprint1.Task1.V2.Test", "Tyuiu.DevyatovEV.Sprint1.Task1.V2.Test\Tyuiu.DevyatovEV.Sprint1.Task1.V2.Test.csproj", "{3A798021-A046-4041-9FC7-BB4750600E35}"
EndProject
Project("{2150E333-8FDC-42A3-9474-1A3956D46DE8}") = "Task2", "Task2", "{154B2276-2B43-401C-92EC-CEF8B7FFF1AA}"
EndProject
Project("{FAE04EC0-301F-11D3-BF4B-00C04F79EFBC}") = "Tyuiu.DevyatovEV.Sprint1.Task2.V23", "Tyuiu.DevyatovEV.Sprint1.Task2.V23\Tyuiu.DevyatovEV.Sprint1.Task2.V23.csproj", "{2ED404A1-26B6-44B2-96A3-5428D7E1B67E}"
EndProject
Project("{FAE04EC0-301F-11D3-BF4B-00C04F79EFBC}") = "Tyuiu.DevyatovEV.Sprint1.Task2.V23.Lib", "Tyuiu.DevyatovEV.Sprint1.Task2.V23.Lib\Tyuiu.DevyatovEV.Sprint1.Task2.V23.Lib.csproj", "{EDD16DC1-F97C-45F9-9072-2D0FFB2012C2}"
EndProject
Project("{FAE04EC0-301F-11D3-BF4B-00C04F79EFBC}") = "Tyuiu.DevyatovEV.Sprint1.Task2.V23.Test", "Tyuiu.DevyatovEV.Sprint1.Task2.V23.Test\Tyuiu.DevyatovEV.Sprint1.Task2.V23.Test.csproj", "{D1F08B29-D2B1-4031-A804-46B36D267036}"
EndProject
Project("{2150E333-8FDC-42A3-9474-1A3956D46DE8}") = "Task3", "Task3", "{212ADDC4-020B-45C6-9804-01861978BF04}"
EndProject
Project("{FAE04EC0-301F-11D3-BF4B-00C04F79EFBC}") = "Tyuiu.DevyatovEV.Sprint1.Task3.V1", "Tyuiu.DevyatovEV.Sprint1.Task3.V1\Tyuiu.DevyatovEV.Sprint1.Task3.V1.csproj", "{B7ECC109-139F-4E20-84E7-1709B9169FC5}"
EndProject
Project("{FAE04EC0-301F-11D3-BF4B-00C04F79EFBC}") = "Tyuiu.DevyatovEV.Sprint1.Task3.V1.Lib", "Tyuiu.DevyatovEV.Sprint1.Task3.V1.Lib\Tyuiu.DevyatovEV.Sprint1.Task3.V1.Lib.csproj", "{D2EAD99C-1754-43A7-9018-A30626B41402}"
EndProject
Project("{FAE04EC0-301F-11D3-BF4B-00C04F79EFBC}") = "Tyuiu.DevyatovEV.Sprint1.Task3.V1.Test", "Tyuiu.DevyatovEV.Sprint1.Task3.V1.Test\Tyuiu.DevyatovEV.Sprint1.Task3.V1.Test.csproj", "{29CCE6F0-A822-47E3-BEFF-8F105E957005}"
EndProject
Project("{2150E333-8FDC-42A3-9474-1A3956D46DE8}") = "Task4", "Task4", "{93BFC763-4C1A-42F7-B26B-1D18C557964A}"
EndProject
Project("{FAE04EC0-301F-11D3-BF4B-00C04F79EFBC}") = "Tyuiu.DevyatovEV.Sprint1.Task4.V17", "Tyuiu.DevyatovEV.Sprint1.Task4.V17\Tyuiu.DevyatovEV.Sprint1.Task4.V17.csproj", "{CC6F0322-CEAE-482F-A581-DDD6CE3CAED2}"
EndProject
Project("{FAE04EC0-301F-11D3-BF4B-00C04F79EFBC}") = "Tyuiu.DevyatovEV.Sprint1.Task4.V17.Lib", "Tyuiu.DevyatovEV.Sprint1.Task4.V17.Lib\Tyuiu.DevyatovEV.Sprint1.Task4.V17.Lib.csproj", "{E7329FB6-9975-460D-8300-AD9DD06D71C9}"
EndProject
Project("{FAE04EC0-301F-11D3-BF4B-00C04F79EFBC}") = "Tyuiu.DevyatovEV.Sprint1.Task4.V17.Test", "Tyuiu.DevyatovEV.Sprint1.Task4.V17.Test\Tyuiu.DevyatovEV.Sprint1.Task4.V17.Test.csproj", "{D938FE84-5B84-464D-B617-47F01D500D2D}"
EndProject
Project("{2150E333-8FDC-42A3-9474-1A3956D46DE8}") = "Task5", "Task5", "{52FD499F-85E2-4F3C-B268-AD3CEF002E2B}"
EndProject
Project("{FAE04EC0-301F-11D3-BF4B-00C04F79EFBC}") = "Tyuiu.DevyatovEV.Sprint1.Task5.V6", "Tyuiu.DevyatovEV.Sprint1.Task5.V6\Tyuiu.DevyatovEV.Sprint1.Task5.V6.csproj", "{58DC1D18-85D0-40CA-8A7A-A2605800B554}"
EndProject
Project("{FAE04EC0-301F-11D3-BF4B-00C04F79EFBC}") = "Tyuiu.DevyatovEV.Sprint1.Task5.V6.Lib", "Tyuiu.DevyatovEV.Sprint1.Task5.V6.Lib\Tyuiu.DevyatovEV.Sprint1.Task5.V6.Lib.csproj", "{228FEF64-93AA-4EDA-BCBD-DAA168267788}"
EndProject
Project("{FAE04EC0-301F-11D3-BF4B-00C04F79EFBC}") = "Tyuiu.DevyatovEV.Sprint1.Task5.V6.Test", "Tyuiu.DevyatovEV.Sprint1.Task5.V6.Test\Tyuiu.DevyatovEV.Sprint1.Task5.V6.Test.csproj", "{9784ECD0-EB4A-45CF-97D7-D7582C7EF591}"
EndProject
Project("{2150E333-8FDC-42A3-9474-1A3956D46DE8}") = "Task6", "Task6", "{6DF40F95-781B-40C0-9C97-98365FFC931C}"
EndProject
Project("{FAE04EC0-301F-11D3-BF4B-00C04F79EFBC}") = "Tyuiu.DevyatovEV.Sprint1.Task6.V13", "Tyuiu.DevyatovEV.Sprint1.Task6.V13\Tyuiu.DevyatovEV.Sprint1.Task6.V13.csproj", "{19611E71-6FFB-4879-A6D7-2EEC1FCB9408}"
EndProject
Project("{FAE04EC0-301F-11D3-BF4B-00C04F79EFBC}") = "Tyuiu.DevyatovEV.Sprint1.Task6.V13.Lib", "Tyuiu.DevyatovEV.Sprint1.Task6.V13.Lib\Tyuiu.DevyatovEV.Sprint1.Task6.V13.Lib.csproj", "{637118CD-BBFE-4178-B01F-57C6066E9BF1}"
EndProject
Project("{FAE04EC0-301F-11D3-BF4B-00C04F79EFBC}") = "Tyuiu.DevyatovEV.Sprint1.Task6.V13.Test", "Tyuiu.DevyatovEV.Sprint1.Task6.V13.Test\Tyuiu.DevyatovEV.Sprint1.Task6.V13.Test.csproj", "{C1CFC8CA-77F3-48AB-A7C8-9EFB05B6E4E6}"
EndProject
Project("{2150E333-8FDC-42A3-9474-1A3956D46DE8}") = "Task7", "Task7", "{D32F7CA7-91FA-448B-A955-EAF7A9D1E7AE}"
EndProject
Project("{FAE04EC0-301F-11D3-BF4B-00C04F79EFBC}") = "Tyuiu.DevyatovEV.Sprint1.Task7.V17", "Tyuiu.DevyatovEV.Sprint1.Task7.V17\Tyuiu.DevyatovEV.Sprint1.Task7.V17.csproj", "{9B63B67E-6999-4E0D-846C-B1FF636A24A2}"
EndProject
Project("{FAE04EC0-301F-11D3-BF4B-00C04F79EFBC}") = "Tyuiu.DevyatovEV.Sprint1.Task7.V17.Lib", "Tyuiu.DevyatovEV.Sprint1.Task7.V17.Lib\Tyuiu.DevyatovEV.Sprint1.Task7.V17.Lib.csproj", "{803F6BDD-4090-4242-AB8B-05293E698EE8}"
EndProject
Project("{FAE04EC0-301F-11D3-BF4B-00C04F79EFBC}") = "Tyuiu.DevyatovEV.Sprint1.Task7.V17.Test", "Tyuiu.DevyatovEV.Sprint1.Task7.V17.Test\Tyuiu.DevyatovEV.Sprint1.Task7.V17.Test.csproj", "{7C3E65E3-05D9-43BB-92B9-7E8463793024}"
EndProject
Global
	GlobalSection(SolutionConfigurationPlatforms) = preSolution
		Debug|Any CPU = Debug|Any CPU
		Release|Any CPU = Release|Any CPU
	EndGlobalSection
	GlobalSection(ProjectConfigurationPlatforms) = postSolution
		{E66FB3DA-E79E-4C03-BCD5-20FC3C60E125}.Debug|Any CPU.ActiveCfg = Debug|Any CPU
		{E66FB3DA-E79E-4C03-BCD5-20FC3C60E125}.Debug|Any CPU.Build.0 = Debug|Any CPU
		{E66FB3DA-E79E-4C03-BCD5-20FC3C60E125}.Release|Any CPU.ActiveCfg = Release|Any CPU
		{E66FB3DA-E79E-4C03-BCD5-20FC3C60E125}.Release|Any CPU.Build.0 = Release|Any CPU
		{DA1F7E1B-8EB5-43B8-A091-B4841B1268E1}.Debug|Any CPU.ActiveCfg = Debug|Any CPU
		{DA1F7E1B-8EB5-43B8-A091-B4841B1268E1}.Debug|Any CPU.Build.0 = Debug|Any CPU
		{DA1F7E1B-8EB5-43B8-A091-B4841B1268E1}.Release|Any CPU.ActiveCfg = Release|Any CPU
		{DA1F7E1B-8EB5-43B8-A091-B4841B1268E1}.Release|Any CPU.Build.0 = Release|Any CPU
		{3B29BD9C-30E1-4944-B3D5-FDE6FA687A89}.Debug|Any CPU.ActiveCfg = Debug|Any CPU
		{3B29BD9C-30E1-4944-B3D5-FDE6FA687A89}.Debug|Any CPU.Build.0 = Debug|Any CPU
		{3B29BD9C-30E1-4944-B3D5-FDE6FA687A89}.Release|Any CPU.ActiveCfg = Release|Any CPU
		{3B29BD9C-30E1-4944-B3D5-FDE6FA687A89}.Release|Any CPU.Build.0 = Release|Any CPU
		{8E5204F1-6681-4469-869D-019F4EA42D60}.Debug|Any CPU.ActiveCfg = Debug|Any CPU
		{8E5204F1-6681-4469-869D-019F4EA42D60}.Debug|Any CPU.Build.0 = Debug|Any CPU
		{8E5204F1-6681-4469-869D-019F4EA42D60}.Release|Any CPU.ActiveCfg = Release|Any CPU
		{8E5204F1-6681-4469-869D-019F4EA42D60}.Release|Any CPU.Build.0 = Release|Any CPU
		{015C4821-E026-4AEC-855B-B087E659A9E7}.Debug|Any CPU.ActiveCfg = Debug|Any CPU
		{015C4821-E026-4AEC-855B-B087E659A9E7}.Debug|Any CPU.Build.0 = Debug|Any CPU
		{015C4821-E026-4AEC-855B-B087E659A9E7}.Release|Any CPU.ActiveCfg = Release|Any CPU
		{015C4821-E026-4AEC-855B-B087E659A9E7}.Release|Any CPU.Build.0 = Release|Any CPU
		{3A798021-A046-4041-9FC7-BB4750600E35}.Debug|Any CPU.ActiveCfg = Debug|Any CPU
		{3A798021-A046-4041-9FC7-BB4750600E35}.Debug|Any CPU.Build.0 = Debug|Any CPU
		{3A798021-A046-4041-9FC7-BB4750600E35}.Release|Any CPU.ActiveCfg = Release|Any CPU
		{3A798021-A046-4041-9FC7-BB4750600E35}.Release|Any CPU.Build.0 = Release|Any CPU
		{2ED404A1-26B6-44B2-96A3-5428D7E1B67E}.Debug|Any CPU.ActiveCfg = Debug|Any CPU
		{2ED404A1-26B6-44B2-96A3-5428D7E1B67E}.Debug|Any CPU.Build.0 = Debug|Any CPU
		{2ED404A1-26B6-44B2-96A3-5428D7E1B67E}.Release|Any CPU.ActiveCfg = Release|Any CPU
		{2ED404A1-26B6-44B2-96A3-5428D7E1B67E}.Release|Any CPU.Build.0 = Release|Any CPU
		{EDD16DC1-F97C-45F9-9072-2D0FFB2012C2}.Debug|Any CPU.ActiveCfg = Debug|Any CPU
		{EDD16DC1-F97C-45F9-9072-2D0FFB2012C2}.Debug|Any CPU.Build.0 = Debug|Any CPU
		{EDD16DC1-F97C-45F9-9072-2D0FFB2012C2}.Release|Any CPU.ActiveCfg = Release|Any CPU
		{EDD16DC1-F97C-45F9-9072-2D0FFB2012C2}.Release|Any CPU.Build.0 = Release|Any CPU
		{D1F08B29-D2B1-4031-A804-46B36D267036}.Debug|Any CPU.ActiveCfg = Debug|Any CPU
		{D1F08B29-D2B1-4031-A804-46B36D267036}.Debug|Any CPU.Build.0 = Debug|Any CPU
		{D1F08B29-D2B1-4031-A804-46B36D267036}.Release|Any CPU.ActiveCfg = Release|Any CPU
		{D1F08B29-D2B1-4031-A804-46B36D267036}.Release|Any CPU.Build.0 = Release|Any CPU
		{B7ECC109-139F-4E20-84E7-1709B9169FC5}.Debug|Any CPU.ActiveCfg = Debug|Any CPU
		{B7ECC109-139F-4E20-84E7-1709B9169FC5}.Debug|Any CPU.Build.0 = Debug|Any CPU
		{B7ECC109-139F-4E20-84E7-1709B9169FC5}.Release|Any CPU.ActiveCfg = Release|Any CPU
		{B7ECC109-139F-4E20-84E7-1709B9169FC5}.Release|Any CPU.Build.0 = Release|Any CPU
		{D2EAD99C-1754-43A7-9018-A30626B41402}.Debug|Any CPU.ActiveCfg = Debug|Any CPU
		{D2EAD99C-1754-43A7-9018-A30626B41402}.Debug|Any CPU.Build.0 = Debug|Any CPU
		{D2EAD99C-1754-43A7-9018-A30626B41402}.Release|Any CPU.ActiveCfg = Release|Any CPU
		{D2EAD99C-1754-43A7-9018-A30626B41402}.Release|Any CPU.Build.0 = Release|Any CPU
		{29CCE6F0-A822-47E3-BEFF-8F105E957005}.Debug|Any CPU.ActiveCfg = Debug|Any CPU
		{29CCE6F0-A822-47E3-BEFF-8F105E957005}.Debug|Any CPU.Build.0 = Debug|Any CPU
		{29CCE6F0-A822-47E3-BEFF-8F105E957005}.Release|Any CPU.ActiveCfg = Release|Any CPU
		{29CCE6F0-A822-47E3-BEFF-8F105E957005}.Release|Any CPU.Build.0 = Release|Any CPU
		{CC6F0322-CEAE-482F-A581-DDD6CE3CAED2}.Debug|Any CPU.ActiveCfg = Debug|Any CPU
		{CC6F0322-CEAE-482F-A581-DDD6CE3CAED2}.Debug|Any CPU.Build.0 = Debug|Any CPU
		{CC6F0322-CEAE-482F-A581-DDD6CE3CAED2}.Release|Any CPU.ActiveCfg = Release|Any CPU
		{CC6F0322-CEAE-482F-A581-DDD6CE3CAED2}.Release|Any CPU.Build.0 = Release|Any CPU
		{E7329FB6-9975-460D-8300-AD9DD06D71C9}.Debug|Any CPU.ActiveCfg = Debug|Any CPU
		{E7329FB6-9975-460D-8300-AD9DD06D71C9}.Debug|Any CPU.Build.0 = Debug|Any CPU
		{E7329FB6-9975-460D-8300-AD9DD06D71C9}.Release|Any CPU.ActiveCfg = Release|Any CPU
		{E7329FB6-9975-460D-8300-AD9DD06D71C9}.Release|Any CPU.Build.0 = Release|Any CPU
		{D938FE84-5B84-464D-B617-47F01D500D2D}.Debug|Any CPU.ActiveCfg = Debug|Any CPU
		{D938FE84-5B84-464D-B617-47F01D500D2D}.Debug|Any CPU.Build.0 = Debug|Any CPU
		{D938FE84-5B84-464D-B617-47F01D500D2D}.Release|Any CPU.ActiveCfg = Release|Any CPU
		{D938FE84-5B84-464D-B617-47F01D500D2D}.Release|Any CPU.Build.0 = Release|Any CPU
		{58DC1D18-85D0-40CA-8A7A-A2605800B554}.Debug|Any CPU.ActiveCfg = Debug|Any CPU
		{58DC1D18-85D0-40CA-8A7A-A2605800B554}.Debug|Any CPU.Build.0 = Debug|Any CPU
		{58DC1D18-85D0-40CA-8A7A-A2605800B554}.Release|Any CPU.ActiveCfg = Release|Any CPU
		{58DC1D18-85D0-40CA-8A7A-A2605800B554}.Release|Any CPU.Build.0 = Release|Any CPU
		{228FEF64-93AA-4EDA-BCBD-DAA168267788}.Debug|Any CPU.ActiveCfg = Debug|Any CPU
		{228FEF64-93AA-4EDA-BCBD-DAA168267788}.Debug|Any CPU.Build.0 = Debug|Any CPU
		{228FEF64-93AA-4EDA-BCBD-DAA168267788}.Release|Any CPU.ActiveCfg = Release|Any CPU
		{228FEF64-93AA-4EDA-BCBD-DAA168267788}.Release|Any CPU.Build.0 = Release|Any CPU
		{9784ECD0-EB4A-45CF-97D7-D7582C7EF591}.Debug|Any CPU.ActiveCfg = Debug|Any CPU
		{9784ECD0-EB4A-45CF-97D7-D7582C7EF591}.Debug|Any CPU.Build.0 = Debug|Any CPU
		{9784ECD0-EB4A-45CF-97D7-D7582C7EF591}.Release|Any CPU.ActiveCfg = Release|Any CPU
		{9784ECD0-EB4A-45CF-97D7-D7582C7EF591}.Release|Any CPU.Build.0 = Release|Any CPU
		{19611E71-6FFB-4879-A6D7-2EEC1FCB9408}.Debug|Any CPU.ActiveCfg = Debug|Any CPU
		{19611E71-6FFB-4879-A6D7-2EEC1FCB9408}.Debug|Any CPU.Build.0 = Debug|Any CPU
		{19611E71-6FFB-4879-A6D7-2EEC1FCB9408}.Release|Any CPU.ActiveCfg = Release|Any CPU
		{19611E71-6FFB-4879-A6D7-2EEC1FCB9408}.Release|Any CPU.Build.0 = Release|Any CPU
		{637118CD-BBFE-4178-B01F-57C6066E9BF1}.Debug|Any CPU.ActiveCfg = Debug|Any CPU
		{637118CD-BBFE-4178-B01F-57C6066E9BF1}.Debug|Any CPU.Build.0 = Debug|Any CPU
		{637118CD-BBFE-4178-B01F-57C6066E9BF1}.Release|Any CPU.ActiveCfg = Release|Any CPU
		{637118CD-BBFE-4178-B01F-57C6066E9BF1}.Release|Any CPU.Build.0 = Release|Any CPU
		{C1CFC8CA-77F3-48AB-A7C8-9EFB05B6E4E6}.Debug|Any CPU.ActiveCfg = Debug|Any CPU
		{C1CFC8CA-77F3-48AB-A7C8-9EFB05B6E4E6}.Debug|Any CPU.Build.0 = Debug|Any CPU
		{C1CFC8CA-77F3-48AB-A7C8-9EFB05B6E4E6}.Release|Any CPU.ActiveCfg = Release|Any CPU
		{C1CFC8CA-77F3-48AB-A7C8-9EFB05B6E4E6}.Release|Any CPU.Build.0 = Release|Any CPU
		{9B63B67E-6999-4E0D-846C-B1FF636A24A2}.Debug|Any CPU.ActiveCfg = Debug|Any CPU
		{9B63B67E-6999-4E0D-846C-B1FF636A24A2}.Debug|Any CPU.Build.0 = Debug|Any CPU
		{9B63B67E-6999-4E0D-846C-B1FF636A24A2}.Release|Any CPU.ActiveCfg = Release|Any CPU
		{9B63B67E-6999-4E0D-846C-B1FF636A24A2}.Release|Any CPU.Build.0 = Release|Any CPU
		{803F6BDD-4090-4242-AB8B-05293E698EE8}.Debug|Any CPU.ActiveCfg = Debug|Any CPU
		{803F6BDD-4090-4242-AB8B-05293E698EE8}.Debug|Any CPU.Build.0 = Debug|Any CPU
		{803F6BDD-4090-4242-AB8B-05293E698EE8}.Release|Any CPU.ActiveCfg = Release|Any CPU
		{803F6BDD-4090-4242-AB8B-05293E698EE8}.Release|Any CPU.Build.0 = Release|Any CPU
		{7C3E65E3-05D9-43BB-92B9-7E8463793024}.Debug|Any CPU.ActiveCfg = Debug|Any CPU
		{7C3E65E3-05D9-43BB-92B9-7E8463793024}.Debug|Any CPU.Build.0 = Debug|Any CPU
		{7C3E65E3-05D9-43BB-92B9-7E8463793024}.Release|Any CPU.ActiveCfg = Release|Any CPU
		{7C3E65E3-05D9-43BB-92B9-7E8463793024}.Release|Any CPU.Build.0 = Release|Any CPU
	EndGlobalSection
	GlobalSection(SolutionProperties) = preSolution
		HideSolutionNode = FALSE
	EndGlobalSection
	GlobalSection(NestedProjects) = preSolution
		{E66FB3DA-E79E-4C03-BCD5-20FC3C60E125} = {02EA681E-C7D8-13C7-8484-4AC65E1B71E8}
		{DA1F7E1B-8EB5-43B8-A091-B4841B1268E1} = {02EA681E-C7D8-13C7-8484-4AC65E1B71E8}
		{3B29BD9C-30E1-4944-B3D5-FDE6FA687A89} = {02EA681E-C7D8-13C7-8484-4AC65E1B71E8}
		{8E5204F1-6681-4469-869D-019F4EA42D60} = {3187B4AD-3E8D-401B-BC4C-9DCBBF89E8BE}
		{015C4821-E026-4AEC-855B-B087E659A9E7} = {3187B4AD-3E8D-401B-BC4C-9DCBBF89E8BE}
		{3A798021-A046-4041-9FC7-BB4750600E35} = {3187B4AD-3E8D-401B-BC4C-9DCBBF89E8BE}
		{2ED404A1-26B6-44B2-96A3-5428D7E1B67E} = {154B2276-2B43-401C-92EC-CEF8B7FFF1AA}
		{EDD16DC1-F97C-45F9-9072-2D0FFB2012C2} = {154B2276-2B43-401C-92EC-CEF8B7FFF1AA}
		{D1F08B29-D2B1-4031-A804-46B36D267036} = {154B2276-2B43-401C-92EC-CEF8B7FFF1AA}
		{B7ECC109-139F-4E20-84E7-1709B9169FC5} = {212ADDC4-020B-45C6-9804-01861978BF04}
		{D2EAD99C-1754-43A7-9018-A30626B41402} = {212ADDC4-020B-45C6-9804-01861978BF04}
		{29CCE6F0-A822-47E3-BEFF-8F105E957005} = {212ADDC4-020B-45C6-9804-01861978BF04}
		{CC6F0322-CEAE-482F-A581-DDD6CE3CAED2} = {93BFC763-4C1A-42F7-B26B-1D18C557964A}
		{E7329FB6-9975-460D-8300-AD9DD06D71C9} = {93BFC763-4C1A-42F7-B26B-1D18C557964A}
		{D938FE84-5B84-464D-B617-47F01D500D2D} = {93BFC763-4C1A-42F7-B26B-1D18C557964A}
		{58DC1D18-85D0-40CA-8A7A-A2605800B554} = {52FD499F-85E2-4F3C-B268-AD3CEF002E2B}
		{228FEF64-93AA-4EDA-BCBD-DAA168267788} = {52FD499F-85E2-4F3C-B268-AD3CEF002E2B}
		{9784ECD0-EB4A-45CF-97D7-D7582C7EF591} = {52FD499F-85E2-4F3C-B268-AD3CEF002E2B}
		{19611E71-6FFB-4879-A6D7-2EEC1FCB9408} = {6DF40F95-781B-40C0-9C97-98365FFC931C}
		{637118CD-BBFE-4178-B01F-57C6066E9BF1} = {6DF40F95-781B-40C0-9C97-98365FFC931C}
		{C1CFC8CA-77F3-48AB-A7C8-9EFB05B6E4E6} = {6DF40F95-781B-40C0-9C97-98365FFC931C}
		{9B63B67E-6999-4E0D-846C-B1FF636A24A2} = {D32F7CA7-91FA-448B-A955-EAF7A9D1E7AE}
		{803F6BDD-4090-4242-AB8B-05293E698EE8} = {D32F7CA7-91FA-448B-A955-EAF7A9D1E7AE}
		{7C3E65E3-05D9-43BB-92B9-7E8463793024} = {D32F7CA7-91FA-448B-A955-EAF7A9D1E7AE}
	EndGlobalSection
	GlobalSection(ExtensibilityGlobals) = postSolution
		SolutionGuid = {D710225C-7967-4D39-96F9-51B389A187AD}
	EndGlobalSection
EndGlobal
